// !$*UTF8*$!
{
	archiveVersion = 1;
	classes = {
	};
	objectVersion = 51;
	objects = {

/* Begin PBXBuildFile section */
		221032D82583B2D5008DDF7E /* AppDelegate.swift in Sources */ = {isa = PBXBuildFile; fileRef = 221032D72583B2D5008DDF7E /* AppDelegate.swift */; };
		221032DA2583B2D5008DDF7E /* SceneDelegate.swift in Sources */ = {isa = PBXBuildFile; fileRef = 221032D92583B2D5008DDF7E /* SceneDelegate.swift */; };
		221032DC2583B2D5008DDF7E /* AuthViewController.swift in Sources */ = {isa = PBXBuildFile; fileRef = 221032DB2583B2D5008DDF7E /* AuthViewController.swift */; };
		221032E12583B2D9008DDF7E /* Assets.xcassets in Resources */ = {isa = PBXBuildFile; fileRef = 221032E02583B2D9008DDF7E /* Assets.xcassets */; };
		221032E42583B2D9008DDF7E /* LaunchScreen.storyboard in Resources */ = {isa = PBXBuildFile; fileRef = 221032E22583B2D9008DDF7E /* LaunchScreen.storyboard */; };
		221032F22583BC2C008DDF7E /* AuthService.swift in Sources */ = {isa = PBXBuildFile; fileRef = 221032F12583BC2C008DDF7E /* AuthService.swift */; };
		221032F52583BE87008DDF7E /* AuthViewController.storyboard in Resources */ = {isa = PBXBuildFile; fileRef = 221032F42583BE87008DDF7E /* AuthViewController.storyboard */; };
		221033002584DF15008DDF7E /* NetworkService.swift in Sources */ = {isa = PBXBuildFile; fileRef = 221032FF2584DF15008DDF7E /* NetworkService.swift */; };
		221033022584DF79008DDF7E /* API.swift in Sources */ = {isa = PBXBuildFile; fileRef = 221033012584DF79008DDF7E /* API.swift */; };
		227FD40E2587B4420083F4C6 /* FeedResponse.swift in Sources */ = {isa = PBXBuildFile; fileRef = 227FD40D2587B4420083F4C6 /* FeedResponse.swift */; };
		227FD4102587B79F0083F4C6 /* NetworkDataFetcher.swift in Sources */ = {isa = PBXBuildFile; fileRef = 227FD40F2587B79F0083F4C6 /* NetworkDataFetcher.swift */; };
		227FD4192587BCA80083F4C6 /* NewsFeedPresenter.swift in Sources */ = {isa = PBXBuildFile; fileRef = 227FD4122587BCA80083F4C6 /* NewsFeedPresenter.swift */; };
		227FD41A2587BCA80083F4C6 /* NewsFeedWorker.swift in Sources */ = {isa = PBXBuildFile; fileRef = 227FD4132587BCA80083F4C6 /* NewsFeedWorker.swift */; };
		227FD41B2587BCA80083F4C6 /* NewsFeedRouter.swift in Sources */ = {isa = PBXBuildFile; fileRef = 227FD4142587BCA80083F4C6 /* NewsFeedRouter.swift */; };
		227FD41C2587BCA80083F4C6 /* NewsFeedModels.swift in Sources */ = {isa = PBXBuildFile; fileRef = 227FD4152587BCA80083F4C6 /* NewsFeedModels.swift */; };
		227FD41D2587BCA80083F4C6 /* NewsFeedViewController.swift in Sources */ = {isa = PBXBuildFile; fileRef = 227FD4162587BCA80083F4C6 /* NewsFeedViewController.swift */; };
		227FD41E2587BCA80083F4C6 /* NewsFeedInteractor.swift in Sources */ = {isa = PBXBuildFile; fileRef = 227FD4172587BCA80083F4C6 /* NewsFeedInteractor.swift */; };
		227FD4212587C1870083F4C6 /* NewsFeedViewController.storyboard in Resources */ = {isa = PBXBuildFile; fileRef = 227FD4202587C1870083F4C6 /* NewsFeedViewController.storyboard */; };
		227FD4242587C2450083F4C6 /* UIVC+Extension.swift in Sources */ = {isa = PBXBuildFile; fileRef = 227FD4232587C2450083F4C6 /* UIVC+Extension.swift */; };
		227FD4292587C7050083F4C6 /* Constants.swift in Sources */ = {isa = PBXBuildFile; fileRef = 227FD4262587C7040083F4C6 /* Constants.swift */; };
		227FD42A2587C7050083F4C6 /* NewsfeedCellLayoutCalculator.swift in Sources */ = {isa = PBXBuildFile; fileRef = 227FD4272587C7040083F4C6 /* NewsfeedCellLayoutCalculator.swift */; };
		227FD42B2587C7050083F4C6 /* NewsfeedCell.swift in Sources */ = {isa = PBXBuildFile; fileRef = 227FD4282587C7050083F4C6 /* NewsfeedCell.swift */; };
		227FD42F2587C7630083F4C6 /* WebImageView.swift in Sources */ = {isa = PBXBuildFile; fileRef = 227FD42C2587C7630083F4C6 /* WebImageView.swift */; };
		227FD4302587C7630083F4C6 /* Constraints.swift in Sources */ = {isa = PBXBuildFile; fileRef = 227FD42D2587C7630083F4C6 /* Constraints.swift */; };
		227FD4312587C7630083F4C6 /* String + Height.swift in Sources */ = {isa = PBXBuildFile; fileRef = 227FD42E2587C7630083F4C6 /* String + Height.swift */; };
		227FD4332587DEC80083F4C6 /* Double+Extension.swift in Sources */ = {isa = PBXBuildFile; fileRef = 227FD4322587DEC80083F4C6 /* Double+Extension.swift */; };
		E15D9F0A18ECCDE865EDC8CF /* Pods_VKNewsFeed.framework in Frameworks */ = {isa = PBXBuildFile; fileRef = 3CF2E5E4BC21D97A71B1205F /* Pods_VKNewsFeed.framework */; };
/* End PBXBuildFile section */

/* Begin PBXFileReference section */
		1E41F6E52F5DD2EC6F399BB0 /* Pods-VKNewsFeed.debug.xcconfig */ = {isa = PBXFileReference; includeInIndex = 1; lastKnownFileType = text.xcconfig; name = "Pods-VKNewsFeed.debug.xcconfig"; path = "Target Support Files/Pods-VKNewsFeed/Pods-VKNewsFeed.debug.xcconfig"; sourceTree = "<group>"; };
		221032D42583B2D5008DDF7E /* VKNewsFeed.app */ = {isa = PBXFileReference; explicitFileType = wrapper.application; includeInIndex = 0; path = VKNewsFeed.app; sourceTree = BUILT_PRODUCTS_DIR; };
		221032D72583B2D5008DDF7E /* AppDelegate.swift */ = {isa = PBXFileReference; lastKnownFileType = sourcecode.swift; path = AppDelegate.swift; sourceTree = "<group>"; };
		221032D92583B2D5008DDF7E /* SceneDelegate.swift */ = {isa = PBXFileReference; lastKnownFileType = sourcecode.swift; path = SceneDelegate.swift; sourceTree = "<group>"; };
		221032DB2583B2D5008DDF7E /* AuthViewController.swift */ = {isa = PBXFileReference; lastKnownFileType = sourcecode.swift; path = AuthViewController.swift; sourceTree = "<group>"; };
		221032E02583B2D9008DDF7E /* Assets.xcassets */ = {isa = PBXFileReference; lastKnownFileType = folder.assetcatalog; path = Assets.xcassets; sourceTree = "<group>"; };
		221032E32583B2D9008DDF7E /* Base */ = {isa = PBXFileReference; lastKnownFileType = file.storyboard; name = Base; path = Base.lproj/LaunchScreen.storyboard; sourceTree = "<group>"; };
		221032E52583B2D9008DDF7E /* Info.plist */ = {isa = PBXFileReference; lastKnownFileType = text.plist.xml; path = Info.plist; sourceTree = "<group>"; };
		221032ED2583B9D4008DDF7E /* VKSdkFramework.framework */ = {isa = PBXFileReference; lastKnownFileType = wrapper.framework; name = VKSdkFramework.framework; path = Carthage/Build/iOS/VKSdkFramework.framework; sourceTree = "<group>"; };
		221032F12583BC2C008DDF7E /* AuthService.swift */ = {isa = PBXFileReference; lastKnownFileType = sourcecode.swift; path = AuthService.swift; sourceTree = "<group>"; };
		221032F42583BE87008DDF7E /* AuthViewController.storyboard */ = {isa = PBXFileReference; lastKnownFileType = file.storyboard; path = AuthViewController.storyboard; sourceTree = "<group>"; };
		221032FF2584DF15008DDF7E /* NetworkService.swift */ = {isa = PBXFileReference; lastKnownFileType = sourcecode.swift; path = NetworkService.swift; sourceTree = "<group>"; };
		221033012584DF79008DDF7E /* API.swift */ = {isa = PBXFileReference; lastKnownFileType = sourcecode.swift; path = API.swift; sourceTree = "<group>"; };
		227FD40D2587B4420083F4C6 /* FeedResponse.swift */ = {isa = PBXFileReference; lastKnownFileType = sourcecode.swift; path = FeedResponse.swift; sourceTree = "<group>"; };
		227FD40F2587B79F0083F4C6 /* NetworkDataFetcher.swift */ = {isa = PBXFileReference; lastKnownFileType = sourcecode.swift; path = NetworkDataFetcher.swift; sourceTree = "<group>"; };
		227FD4122587BCA80083F4C6 /* NewsFeedPresenter.swift */ = {isa = PBXFileReference; lastKnownFileType = sourcecode.swift; path = NewsFeedPresenter.swift; sourceTree = "<group>"; };
		227FD4132587BCA80083F4C6 /* NewsFeedWorker.swift */ = {isa = PBXFileReference; lastKnownFileType = sourcecode.swift; path = NewsFeedWorker.swift; sourceTree = "<group>"; };
		227FD4142587BCA80083F4C6 /* NewsFeedRouter.swift */ = {isa = PBXFileReference; lastKnownFileType = sourcecode.swift; path = NewsFeedRouter.swift; sourceTree = "<group>"; };
		227FD4152587BCA80083F4C6 /* NewsFeedModels.swift */ = {isa = PBXFileReference; lastKnownFileType = sourcecode.swift; path = NewsFeedModels.swift; sourceTree = "<group>"; };
		227FD4162587BCA80083F4C6 /* NewsFeedViewController.swift */ = {isa = PBXFileReference; lastKnownFileType = sourcecode.swift; path = NewsFeedViewController.swift; sourceTree = "<group>"; };
		227FD4172587BCA80083F4C6 /* NewsFeedInteractor.swift */ = {isa = PBXFileReference; lastKnownFileType = sourcecode.swift; path = NewsFeedInteractor.swift; sourceTree = "<group>"; };
		227FD4202587C1870083F4C6 /* NewsFeedViewController.storyboard */ = {isa = PBXFileReference; lastKnownFileType = file.storyboard; path = NewsFeedViewController.storyboard; sourceTree = "<group>"; };
		227FD4232587C2450083F4C6 /* UIVC+Extension.swift */ = {isa = PBXFileReference; lastKnownFileType = sourcecode.swift; path = "UIVC+Extension.swift"; sourceTree = "<group>"; };
		227FD4262587C7040083F4C6 /* Constants.swift */ = {isa = PBXFileReference; fileEncoding = 4; lastKnownFileType = sourcecode.swift; path = Constants.swift; sourceTree = "<group>"; };
		227FD4272587C7040083F4C6 /* NewsfeedCellLayoutCalculator.swift */ = {isa = PBXFileReference; fileEncoding = 4; lastKnownFileType = sourcecode.swift; path = NewsfeedCellLayoutCalculator.swift; sourceTree = "<group>"; };
		227FD4282587C7050083F4C6 /* NewsfeedCell.swift */ = {isa = PBXFileReference; fileEncoding = 4; lastKnownFileType = sourcecode.swift; path = NewsfeedCell.swift; sourceTree = "<group>"; };
		227FD42C2587C7630083F4C6 /* WebImageView.swift */ = {isa = PBXFileReference; fileEncoding = 4; lastKnownFileType = sourcecode.swift; path = WebImageView.swift; sourceTree = "<group>"; };
		227FD42D2587C7630083F4C6 /* Constraints.swift */ = {isa = PBXFileReference; fileEncoding = 4; lastKnownFileType = sourcecode.swift; path = Constraints.swift; sourceTree = "<group>"; };
		227FD42E2587C7630083F4C6 /* String + Height.swift */ = {isa = PBXFileReference; fileEncoding = 4; lastKnownFileType = sourcecode.swift; path = "String + Height.swift"; sourceTree = "<group>"; };
		227FD4322587DEC80083F4C6 /* Double+Extension.swift */ = {isa = PBXFileReference; lastKnownFileType = sourcecode.swift; path = "Double+Extension.swift"; sourceTree = "<group>"; };
		3CF2E5E4BC21D97A71B1205F /* Pods_VKNewsFeed.framework */ = {isa = PBXFileReference; explicitFileType = wrapper.framework; includeInIndex = 0; path = Pods_VKNewsFeed.framework; sourceTree = BUILT_PRODUCTS_DIR; };
		A56061BB4ACE33B4B98F16D2 /* Pods-VKNewsFeed.release.xcconfig */ = {isa = PBXFileReference; includeInIndex = 1; lastKnownFileType = text.xcconfig; name = "Pods-VKNewsFeed.release.xcconfig"; path = "Target Support Files/Pods-VKNewsFeed/Pods-VKNewsFeed.release.xcconfig"; sourceTree = "<group>"; };
/* End PBXFileReference section */

/* Begin PBXFrameworksBuildPhase section */
		221032D12583B2D5008DDF7E /* Frameworks */ = {
			isa = PBXFrameworksBuildPhase;
			buildActionMask = 2147483647;
			files = (
				E15D9F0A18ECCDE865EDC8CF /* Pods_VKNewsFeed.framework in Frameworks */,
			);
			runOnlyForDeploymentPostprocessing = 0;
		};
/* End PBXFrameworksBuildPhase section */

/* Begin PBXGroup section */
		221032CB2583B2D5008DDF7E = {
			isa = PBXGroup;
			children = (
				221032D62583B2D5008DDF7E /* VKNewsFeed */,
				221032D52583B2D5008DDF7E /* Products */,
				221032EC2583B9D4008DDF7E /* Frameworks */,
				6D3D5E254E9047551C76F5B3 /* Pods */,
			);
			sourceTree = "<group>";
		};
		221032D52583B2D5008DDF7E /* Products */ = {
			isa = PBXGroup;
			children = (
				221032D42583B2D5008DDF7E /* VKNewsFeed.app */,
			);
			name = Products;
			sourceTree = "<group>";
		};
		221032D62583B2D5008DDF7E /* VKNewsFeed */ = {
			isa = PBXGroup;
			children = (
				221032D72583B2D5008DDF7E /* AppDelegate.swift */,
				221032D92583B2D5008DDF7E /* SceneDelegate.swift */,
				221032F32583BC31008DDF7E /* Services */,
				221032DB2583B2D5008DDF7E /* AuthViewController.swift */,
				221032F42583BE87008DDF7E /* AuthViewController.storyboard */,
				227FD4112587BC7F0083F4C6 /* NewsFeed */,
				221032E02583B2D9008DDF7E /* Assets.xcassets */,
				221032E22583B2D9008DDF7E /* LaunchScreen.storyboard */,
				221032E52583B2D9008DDF7E /* Info.plist */,
				227FD4222587C2240083F4C6 /* Helpers */,
			);
			path = VKNewsFeed;
			sourceTree = "<group>";
		};
		221032EC2583B9D4008DDF7E /* Frameworks */ = {
			isa = PBXGroup;
			children = (
				221032ED2583B9D4008DDF7E /* VKSdkFramework.framework */,
				3CF2E5E4BC21D97A71B1205F /* Pods_VKNewsFeed.framework */,
			);
			name = Frameworks;
			sourceTree = "<group>";
		};
		221032F32583BC31008DDF7E /* Services */ = {
			isa = PBXGroup;
			children = (
				227FD40C2587B42D0083F4C6 /* Model */,
				221032F12583BC2C008DDF7E /* AuthService.swift */,
				221032FF2584DF15008DDF7E /* NetworkService.swift */,
				221033012584DF79008DDF7E /* API.swift */,
				227FD40F2587B79F0083F4C6 /* NetworkDataFetcher.swift */,
			);
			path = Services;
			sourceTree = "<group>";
		};
		227FD40C2587B42D0083F4C6 /* Model */ = {
			isa = PBXGroup;
			children = (
				227FD40D2587B4420083F4C6 /* FeedResponse.swift */,
			);
			path = Model;
			sourceTree = "<group>";
		};
		227FD4112587BC7F0083F4C6 /* NewsFeed */ = {
			isa = PBXGroup;
			children = (
				227FD4252587C6F60083F4C6 /* Cell */,
				227FD4162587BCA80083F4C6 /* NewsFeedViewController.swift */,
				227FD4172587BCA80083F4C6 /* NewsFeedInteractor.swift */,
				227FD4122587BCA80083F4C6 /* NewsFeedPresenter.swift */,
				227FD4142587BCA80083F4C6 /* NewsFeedRouter.swift */,
				227FD4152587BCA80083F4C6 /* NewsFeedModels.swift */,
				227FD4132587BCA80083F4C6 /* NewsFeedWorker.swift */,
				227FD4202587C1870083F4C6 /* NewsFeedViewController.storyboard */,
			);
			path = NewsFeed;
			sourceTree = "<group>";
		};
		227FD4222587C2240083F4C6 /* Helpers */ = {
			isa = PBXGroup;
			children = (
				227FD4232587C2450083F4C6 /* UIVC+Extension.swift */,
				227FD42D2587C7630083F4C6 /* Constraints.swift */,
				227FD42E2587C7630083F4C6 /* String + Height.swift */,
				227FD42C2587C7630083F4C6 /* WebImageView.swift */,
				227FD4322587DEC80083F4C6 /* Double+Extension.swift */,
			);
			path = Helpers;
			sourceTree = "<group>";
		};
		227FD4252587C6F60083F4C6 /* Cell */ = {
			isa = PBXGroup;
			children = (
				227FD4262587C7040083F4C6 /* Constants.swift */,
				227FD4272587C7040083F4C6 /* NewsfeedCellLayoutCalculator.swift */,
				227FD4282587C7050083F4C6 /* NewsfeedCell.swift */,
			);
			path = Cell;
			sourceTree = "<group>";
		};
		6D3D5E254E9047551C76F5B3 /* Pods */ = {
			isa = PBXGroup;
			children = (
				1E41F6E52F5DD2EC6F399BB0 /* Pods-VKNewsFeed.debug.xcconfig */,
				A56061BB4ACE33B4B98F16D2 /* Pods-VKNewsFeed.release.xcconfig */,
			);
			path = Pods;
			sourceTree = "<group>";
		};
/* End PBXGroup section */

/* Begin PBXNativeTarget section */
		221032D32583B2D5008DDF7E /* VKNewsFeed */ = {
			isa = PBXNativeTarget;
			buildConfigurationList = 221032E82583B2D9008DDF7E /* Build configuration list for PBXNativeTarget "VKNewsFeed" */;
			buildPhases = (
				29741241CB0040B69A854EA8 /* [CP] Check Pods Manifest.lock */,
				221032D02583B2D5008DDF7E /* Sources */,
				221032D12583B2D5008DDF7E /* Frameworks */,
				221032D22583B2D5008DDF7E /* Resources */,
				5C3E4DC64D0F9BE033C855E5 /* [CP] Embed Pods Frameworks */,
			);
			buildRules = (
			);
			dependencies = (
			);
			name = VKNewsFeed;
			productName = VKNewsFeed;
			productReference = 221032D42583B2D5008DDF7E /* VKNewsFeed.app */;
			productType = "com.apple.product-type.application";
		};
/* End PBXNativeTarget section */

/* Begin PBXProject section */
		221032CC2583B2D5008DDF7E /* Project object */ = {
			isa = PBXProject;
			attributes = {
				LastSwiftUpdateCheck = 1130;
				LastUpgradeCheck = 1130;
				ORGANIZATIONNAME = "Саша Руцман";
				TargetAttributes = {
					221032D32583B2D5008DDF7E = {
						CreatedOnToolsVersion = 11.3;
					};
				};
			};
			buildConfigurationList = 221032CF2583B2D5008DDF7E /* Build configuration list for PBXProject "VKNewsFeed" */;
			compatibilityVersion = "Xcode 9.3";
			developmentRegion = en;
			hasScannedForEncodings = 0;
			knownRegions = (
				en,
				Base,
			);
			mainGroup = 221032CB2583B2D5008DDF7E;
			productRefGroup = 221032D52583B2D5008DDF7E /* Products */;
			projectDirPath = "";
			projectRoot = "";
			targets = (
				221032D32583B2D5008DDF7E /* VKNewsFeed */,
			);
		};
/* End PBXProject section */

/* Begin PBXResourcesBuildPhase section */
		221032D22583B2D5008DDF7E /* Resources */ = {
			isa = PBXResourcesBuildPhase;
			buildActionMask = 2147483647;
			files = (
				221032E42583B2D9008DDF7E /* LaunchScreen.storyboard in Resources */,
				221032F52583BE87008DDF7E /* AuthViewController.storyboard in Resources */,
				221032E12583B2D9008DDF7E /* Assets.xcassets in Resources */,
				227FD4212587C1870083F4C6 /* NewsFeedViewController.storyboard in Resources */,
			);
			runOnlyForDeploymentPostprocessing = 0;
		};
/* End PBXResourcesBuildPhase section */

/* Begin PBXShellScriptBuildPhase section */
		29741241CB0040B69A854EA8 /* [CP] Check Pods Manifest.lock */ = {
			isa = PBXShellScriptBuildPhase;
			buildActionMask = 2147483647;
			files = (
			);
			inputFileListPaths = (
			);
			inputPaths = (
				"${PODS_PODFILE_DIR_PATH}/Podfile.lock",
				"${PODS_ROOT}/Manifest.lock",
			);
			name = "[CP] Check Pods Manifest.lock";
			outputFileListPaths = (
			);
			outputPaths = (
				"$(DERIVED_FILE_DIR)/Pods-VKNewsFeed-checkManifestLockResult.txt",
			);
			runOnlyForDeploymentPostprocessing = 0;
			shellPath = /bin/sh;
			shellScript = "diff \"${PODS_PODFILE_DIR_PATH}/Podfile.lock\" \"${PODS_ROOT}/Manifest.lock\" > /dev/null\nif [ $? != 0 ] ; then\n    # print error to STDERR\n    echo \"error: The sandbox is not in sync with the Podfile.lock. Run 'pod install' or update your CocoaPods installation.\" >&2\n    exit 1\nfi\n# This output is used by Xcode 'outputs' to avoid re-running this script phase.\necho \"SUCCESS\" > \"${SCRIPT_OUTPUT_FILE_0}\"\n";
			showEnvVarsInLog = 0;
		};
		5C3E4DC64D0F9BE033C855E5 /* [CP] Embed Pods Frameworks */ = {
			isa = PBXShellScriptBuildPhase;
			buildActionMask = 2147483647;
			files = (
			);
			inputFileListPaths = (
				"${PODS_ROOT}/Target Support Files/Pods-VKNewsFeed/Pods-VKNewsFeed-frameworks-${CONFIGURATION}-input-files.xcfilelist",
			);
			name = "[CP] Embed Pods Frameworks";
			outputFileListPaths = (
				"${PODS_ROOT}/Target Support Files/Pods-VKNewsFeed/Pods-VKNewsFeed-frameworks-${CONFIGURATION}-output-files.xcfilelist",
			);
			runOnlyForDeploymentPostprocessing = 0;
			shellPath = /bin/sh;
			shellScript = "\"${PODS_ROOT}/Target Support Files/Pods-VKNewsFeed/Pods-VKNewsFeed-frameworks.sh\"\n";
			showEnvVarsInLog = 0;
		};
/* End PBXShellScriptBuildPhase section */

/* Begin PBXSourcesBuildPhase section */
		221032D02583B2D5008DDF7E /* Sources */ = {
			isa = PBXSourcesBuildPhase;
			buildActionMask = 2147483647;
			files = (
				227FD40E2587B4420083F4C6 /* FeedResponse.swift in Sources */,
				227FD4192587BCA80083F4C6 /* NewsFeedPresenter.swift in Sources */,
				221032DC2583B2D5008DDF7E /* AuthViewController.swift in Sources */,
				227FD41E2587BCA80083F4C6 /* NewsFeedInteractor.swift in Sources */,
				221032D82583B2D5008DDF7E /* AppDelegate.swift in Sources */,
				221032DA2583B2D5008DDF7E /* SceneDelegate.swift in Sources */,
				221033002584DF15008DDF7E /* NetworkService.swift in Sources */,
				227FD4312587C7630083F4C6 /* String + Height.swift in Sources */,
				227FD4292587C7050083F4C6 /* Constants.swift in Sources */,
				227FD4102587B79F0083F4C6 /* NetworkDataFetcher.swift in Sources */,
				227FD42A2587C7050083F4C6 /* NewsfeedCellLayoutCalculator.swift in Sources */,
				227FD41A2587BCA80083F4C6 /* NewsFeedWorker.swift in Sources */,
				227FD41B2587BCA80083F4C6 /* NewsFeedRouter.swift in Sources */,
				227FD4302587C7630083F4C6 /* Constraints.swift in Sources */,
				221032F22583BC2C008DDF7E /* AuthService.swift in Sources */,
				221033022584DF79008DDF7E /* API.swift in Sources */,
				227FD4332587DEC80083F4C6 /* Double+Extension.swift in Sources */,
				227FD42F2587C7630083F4C6 /* WebImageView.swift in Sources */,
				227FD41C2587BCA80083F4C6 /* NewsFeedModels.swift in Sources */,
				227FD4242587C2450083F4C6 /* UIVC+Extension.swift in Sources */,
				227FD41D2587BCA80083F4C6 /* NewsFeedViewController.swift in Sources */,
				227FD42B2587C7050083F4C6 /* NewsfeedCell.swift in Sources */,
			);
			runOnlyForDeploymentPostprocessing = 0;
		};
/* End PBXSourcesBuildPhase section */

/* Begin PBXVariantGroup section */
		221032E22583B2D9008DDF7E /* LaunchScreen.storyboard */ = {
			isa = PBXVariantGroup;
			children = (
				221032E32583B2D9008DDF7E /* Base */,
			);
			name = LaunchScreen.storyboard;
			sourceTree = "<group>";
		};
/* End PBXVariantGroup section */

/* Begin XCBuildConfiguration section */
		221032E62583B2D9008DDF7E /* Debug */ = {
			isa = XCBuildConfiguration;
			buildSettings = {
				ALWAYS_SEARCH_USER_PATHS = NO;
				CLANG_ANALYZER_NONNULL = YES;
				CLANG_ANALYZER_NUMBER_OBJECT_CONVERSION = YES_AGGRESSIVE;
				CLANG_CXX_LANGUAGE_STANDARD = "gnu++14";
				CLANG_CXX_LIBRARY = "libc++";
				CLANG_ENABLE_MODULES = YES;
				CLANG_ENABLE_OBJC_ARC = YES;
				CLANG_ENABLE_OBJC_WEAK = YES;
				CLANG_WARN_BLOCK_CAPTURE_AUTORELEASING = YES;
				CLANG_WARN_BOOL_CONVERSION = YES;
				CLANG_WARN_COMMA = YES;
				CLANG_WARN_CONSTANT_CONVERSION = YES;
				CLANG_WARN_DEPRECATED_OBJC_IMPLEMENTATIONS = YES;
				CLANG_WARN_DIRECT_OBJC_ISA_USAGE = YES_ERROR;
				CLANG_WARN_DOCUMENTATION_COMMENTS = YES;
				CLANG_WARN_EMPTY_BODY = YES;
				CLANG_WARN_ENUM_CONVERSION = YES;
				CLANG_WARN_INFINITE_RECURSION = YES;
				CLANG_WARN_INT_CONVERSION = YES;
				CLANG_WARN_NON_LITERAL_NULL_CONVERSION = YES;
				CLANG_WARN_OBJC_IMPLICIT_RETAIN_SELF = YES;
				CLANG_WARN_OBJC_LITERAL_CONVERSION = YES;
				CLANG_WARN_OBJC_ROOT_CLASS = YES_ERROR;
				CLANG_WARN_RANGE_LOOP_ANALYSIS = YES;
				CLANG_WARN_STRICT_PROTOTYPES = YES;
				CLANG_WARN_SUSPICIOUS_MOVE = YES;
				CLANG_WARN_UNGUARDED_AVAILABILITY = YES_AGGRESSIVE;
				CLANG_WARN_UNREACHABLE_CODE = YES;
				CLANG_WARN__DUPLICATE_METHOD_MATCH = YES;
				COPY_PHASE_STRIP = NO;
				DEBUG_INFORMATION_FORMAT = dwarf;
				ENABLE_STRICT_OBJC_MSGSEND = YES;
				ENABLE_TESTABILITY = YES;
				GCC_C_LANGUAGE_STANDARD = gnu11;
				GCC_DYNAMIC_NO_PIC = NO;
				GCC_NO_COMMON_BLOCKS = YES;
				GCC_OPTIMIZATION_LEVEL = 0;
				GCC_PREPROCESSOR_DEFINITIONS = (
					"DEBUG=1",
					"$(inherited)",
				);
				GCC_WARN_64_TO_32_BIT_CONVERSION = YES;
				GCC_WARN_ABOUT_RETURN_TYPE = YES_ERROR;
				GCC_WARN_UNDECLARED_SELECTOR = YES;
				GCC_WARN_UNINITIALIZED_AUTOS = YES_AGGRESSIVE;
				GCC_WARN_UNUSED_FUNCTION = YES;
				GCC_WARN_UNUSED_VARIABLE = YES;
				IPHONEOS_DEPLOYMENT_TARGET = 13.2;
				MTL_ENABLE_DEBUG_INFO = INCLUDE_SOURCE;
				MTL_FAST_MATH = YES;
				ONLY_ACTIVE_ARCH = YES;
				SDKROOT = iphoneos;
				SWIFT_ACTIVE_COMPILATION_CONDITIONS = DEBUG;
				SWIFT_OPTIMIZATION_LEVEL = "-Onone";
			};
			name = Debug;
		};
		221032E72583B2D9008DDF7E /* Release */ = {
			isa = XCBuildConfiguration;
			buildSettings = {
				ALWAYS_SEARCH_USER_PATHS = NO;
				CLANG_ANALYZER_NONNULL = YES;
				CLANG_ANALYZER_NUMBER_OBJECT_CONVERSION = YES_AGGRESSIVE;
				CLANG_CXX_LANGUAGE_STANDARD = "gnu++14";
				CLANG_CXX_LIBRARY = "libc++";
				CLANG_ENABLE_MODULES = YES;
				CLANG_ENABLE_OBJC_ARC = YES;
				CLANG_ENABLE_OBJC_WEAK = YES;
				CLANG_WARN_BLOCK_CAPTURE_AUTORELEASING = YES;
				CLANG_WARN_BOOL_CONVERSION = YES;
				CLANG_WARN_COMMA = YES;
				CLANG_WARN_CONSTANT_CONVERSION = YES;
				CLANG_WARN_DEPRECATED_OBJC_IMPLEMENTATIONS = YES;
				CLANG_WARN_DIRECT_OBJC_ISA_USAGE = YES_ERROR;
				CLANG_WARN_DOCUMENTATION_COMMENTS = YES;
				CLANG_WARN_EMPTY_BODY = YES;
				CLANG_WARN_ENUM_CONVERSION = YES;
				CLANG_WARN_INFINITE_RECURSION = YES;
				CLANG_WARN_INT_CONVERSION = YES;
				CLANG_WARN_NON_LITERAL_NULL_CONVERSION = YES;
				CLANG_WARN_OBJC_IMPLICIT_RETAIN_SELF = YES;
				CLANG_WARN_OBJC_LITERAL_CONVERSION = YES;
				CLANG_WARN_OBJC_ROOT_CLASS = YES_ERROR;
				CLANG_WARN_RANGE_LOOP_ANALYSIS = YES;
				CLANG_WARN_STRICT_PROTOTYPES = YES;
				CLANG_WARN_SUSPICIOUS_MOVE = YES;
				CLANG_WARN_UNGUARDED_AVAILABILITY = YES_AGGRESSIVE;
				CLANG_WARN_UNREACHABLE_CODE = YES;
				CLANG_WARN__DUPLICATE_METHOD_MATCH = YES;
				COPY_PHASE_STRIP = NO;
				DEBUG_INFORMATION_FORMAT = "dwarf-with-dsym";
				ENABLE_NS_ASSERTIONS = NO;
				ENABLE_STRICT_OBJC_MSGSEND = YES;
				GCC_C_LANGUAGE_STANDARD = gnu11;
				GCC_NO_COMMON_BLOCKS = YES;
				GCC_WARN_64_TO_32_BIT_CONVERSION = YES;
				GCC_WARN_ABOUT_RETURN_TYPE = YES_ERROR;
				GCC_WARN_UNDECLARED_SELECTOR = YES;
				GCC_WARN_UNINITIALIZED_AUTOS = YES_AGGRESSIVE;
				GCC_WARN_UNUSED_FUNCTION = YES;
				GCC_WARN_UNUSED_VARIABLE = YES;
				IPHONEOS_DEPLOYMENT_TARGET = 13.2;
				MTL_ENABLE_DEBUG_INFO = NO;
				MTL_FAST_MATH = YES;
				SDKROOT = iphoneos;
				SWIFT_COMPILATION_MODE = wholemodule;
				SWIFT_OPTIMIZATION_LEVEL = "-O";
				VALIDATE_PRODUCT = YES;
			};
			name = Release;
		};
		221032E92583B2D9008DDF7E /* Debug */ = {
			isa = XCBuildConfiguration;
			baseConfigurationReference = 1E41F6E52F5DD2EC6F399BB0 /* Pods-VKNewsFeed.debug.xcconfig */;
			buildSettings = {
				ASSETCATALOG_COMPILER_APPICON_NAME = AppIcon;
				CODE_SIGN_STYLE = Automatic;
				FRAMEWORK_SEARCH_PATHS = (
					"$(inherited)",
					"$(PROJECT_DIR)/Carthage/Build/iOS",
				);
				INFOPLIST_FILE = VKNewsFeed/Info.plist;
				IPHONEOS_DEPLOYMENT_TARGET = 13.0;
				LD_RUNPATH_SEARCH_PATHS = (
					"$(inherited)",
					"@executable_path/Frameworks",
				);
				PRODUCT_BUNDLE_IDENTIFIER = com.svshkv.VKNewsFeed;
				PRODUCT_NAME = "$(TARGET_NAME)";
				SWIFT_VERSION = 5.0;
				TARGETED_DEVICE_FAMILY = 1;
			};
			name = Debug;
		};
		221032EA2583B2D9008DDF7E /* Release */ = {
			isa = XCBuildConfiguration;
			baseConfigurationReference = A56061BB4ACE33B4B98F16D2 /* Pods-VKNewsFeed.release.xcconfig */;
			buildSettings = {
				ASSETCATALOG_COMPILER_APPICON_NAME = AppIcon;
				CODE_SIGN_STYLE = Automatic;
				FRAMEWORK_SEARCH_PATHS = (
					"$(inherited)",
					"$(PROJECT_DIR)/Carthage/Build/iOS",
				);
				INFOPLIST_FILE = VKNewsFeed/Info.plist;
				IPHONEOS_DEPLOYMENT_TARGET = 13.0;
				LD_RUNPATH_SEARCH_PATHS = (
					"$(inherited)",
					"@executable_path/Frameworks",
				);
				PRODUCT_BUNDLE_IDENTIFIER = com.svshkv.VKNewsFeed;
				PRODUCT_NAME = "$(TARGET_NAME)";
				SWIFT_VERSION = 5.0;
				TARGETED_DEVICE_FAMILY = 1;
			};
			name = Release;
		};
/* End XCBuildConfiguration section */

/* Begin XCConfigurationList section */
		221032CF2583B2D5008DDF7E /* Build configuration list for PBXProject "VKNewsFeed" */ = {
			isa = XCConfigurationList;
			buildConfigurations = (
				221032E62583B2D9008DDF7E /* Debug */,
				221032E72583B2D9008DDF7E /* Release */,
			);
			defaultConfigurationIsVisible = 0;
			defaultConfigurationName = Release;
		};
		221032E82583B2D9008DDF7E /* Build configuration list for PBXNativeTarget "VKNewsFeed" */ = {
			isa = XCConfigurationList;
			buildConfigurations = (
				221032E92583B2D9008DDF7E /* Debug */,
				221032EA2583B2D9008DDF7E /* Release */,
			);
			defaultConfigurationIsVisible = 0;
			defaultConfigurationName = Release;
		};
/* End XCConfigurationList section */
	};
	rootObject = 221032CC2583B2D5008DDF7E /* Project object */;
}
